{
  "name": "saturn",
  "version": "1.0.0",
  "lockfileVersion": 3,
  "requires": true,
  "packages": {
    "": {
      "name": "saturn",
      "version": "1.0.0",
      "license": "ISC",
      "dependencies": {
        "bootstrap4": "^0.0.1-security"
      }
    },
    "node_modules/bootstrap4": {
      "version": "0.0.1-security",
      "resolved": "https://registry.npmjs.org/bootstrap4/-/bootstrap4-0.0.1-security.tgz",
      "integrity": "sha512-ZahLXPrm/csSTx4Wk6k7ytPnMCW+9pLv7KskCQwYQFIDo292v8Zh9QVLXwFm4zFOAxryVKumuvPVECTbZdPLYw=="
    }
  }
}
